{
  "version": 4,
  "terraform_version": "1.15.8",
  "serial": 35,
  "lineage": "fb1da0c3-2ef2-3949-477e-dc2c90c2db23",
  "outputs": {
    "fit_cli_default_security_group_id": {
      "value": "sg-0d7f0565513f225f1",
      "type": "string"
    },
    "fit_cli_role_arn": {
      "value": "arn:aws:iam::958525475024:role/fit-cli-role",
      "type": "string"
    },
    "fit_cli_subnet_id": {
      "value": "subnet-0c9e623708a87ee88",
      "type": "string"
    },
    "fit_cli_vpc_id": {
      "value": "vpc-01b5328d47e7b9419",
      "type": "string"
    },
    "ssm_instance_profile_name": {
      "value": "fit-cli-ssm-instance-role",
      "type": "string"
    }
  },
  "resources": [
    {
      "mode": "data",
      "type": "aws_caller_identity",
      "name": "current",
      "provider": "provider[\"registry.terraform.io/hashicorp/aws\"]",
      "instances": [
        {
          "schema_version": 0,
          "attributes": {
            "account_id": "958525475024",
            "arn": "arn:aws:iam::958525475024:user/graham.pople@couchbase.com",
            "id": "958525475024",
            "user_id": "AIDAIHOG4YUZWY2GJ7EVW"
          },
          "sensitive_attributes": [],
          "identity_schema_version": 0
        }
      ]
    },
    {
      "mode": "managed",
      "type": "aws_default_security_group",
      "name": "fit_cli",
      "provider": "provider[\"registry.terraform.io/hashicorp/aws\"]",
      "instances": [
        {
          "schema_version": 1,
          "attributes": {
            "arn": "arn:aws:ec2:us-west-2:958525475024:security-group/sg-0d7f0565513f225f1",
            "description": "default VPC security group",
            "egress": [
              {
                "cidr_blocks": [
                  "0.0.0.0/0"
                ],
                "description": "",
                "from_port": 0,
                "ipv6_cidr_blocks": [],
                "prefix_list_ids": [],
                "protocol": "-1",
                "security_groups": [],
                "self": false,
                "to_port": 0
              }
            ],
            "id": "sg-0d7f0565513f225f1",
            "ingress": [
              {
                "cidr_blocks": [],
                "description": "All traffic between members of this security group",
                "from_port": 0,
                "ipv6_cidr_blocks": [],
                "prefix_list_ids": [],
                "protocol": "-1",
                "security_groups": [],
                "self": true,
                "to_port": 0
              }
            ],
            "name": "default",
            "name_prefix": "",
            "owner_id": "958525475024",
            "region": "us-west-2",
            "revoke_rules_on_delete": false,
            "tags": {
              "Name": "fit-cli-default"
            },
            "tags_all": {
              "Environment": "fit-cli",
              "Name": "fit-cli-default"
            },
            "vpc_id": "vpc-01b5328d47e7b9419"
          },
          "sensitive_attributes": [],
          "identity_schema_version": 0,
          "private": "eyJzY2hlbWFfdmVyc2lvbiI6IjEifQ==",
          "dependencies": [
            "aws_vpc.fit_cli"
          ]
        }
      ]
    },
    {
      "mode": "managed",
      "type": "aws_iam_instance_profile",
      "name": "fit_cli_ssm_instance_profile",
      "provider": "provider[\"registry.terraform.io/hashicorp/aws\"]",
      "instances": [
        {
          "schema_version": 0,
          "attributes": {
            "arn": "arn:aws:iam::958525475024:instance-profile/fit-cli-ssm-instance-role",
            "create_date": "2026-07-31T10:47:27Z",
            "id": "fit-cli-ssm-instance-role",
            "name": "fit-cli-ssm-instance-role",
            "name_prefix": "",
            "path": "/",
            "role": "fit-cli-ssm-instance-role",
            "tags": {},
            "tags_all": {
              "Environment": "fit-cli"
            },
            "unique_id": "AIPA56LESBDIMJDLVHMXP"
          },
          "sensitive_attributes": [],
          "identity_schema_version": 0,
          "identity": {
            "account_id": "958525475024",
            "name": "fit-cli-ssm-instance-role"
          },
          "private": "bnVsbA==",
          "dependencies": [
            "aws_iam_role.fit_cli_ssm_instance_role"
          ]
        }
      ]
    },
    {
      "mode": "managed",
      "type": "aws_iam_role",
      "name": "fit_cli_role",
      "provider": "provider[\"registry.terraform.io/hashicorp/aws\"]",
      "instances": [
        {
          "schema_version": 0,
          "attributes": {
            "arn": "arn:aws:iam::958525475024:role/fit-cli-role",
            "assume_role_policy": "{\"Statement\":[{\"Action\":\"sts:AssumeRoleWithWebIdentity\",\"Condition\":{\"StringEquals\":{\"token.actions.githubusercontent.com:aud\":\"sts.amazonaws.com\"},\"StringLike\":{\"token.actions.githubusercontent.com:sub\":[\"repo:couchbaselabs/fit-cli:*\",\"repo:couchbaselabs/transactions-fit-performer:*\",\"repo:couchbase/couchbase-jvm-clients:*\",\"repo:couchbase/couchbase-analytics-jvm-clients:*\",\"repo:couchbase/couchbase-cxx-client:*\",\"repo:couchbase/couchbase-net-client:*\",\"repo:couchbase/gocb:*\",\"repo:couchbase/couchnode:*\",\"repo:couchbase/couchbase-python-client:*\",\"repo:couchbase/couchbase-ruby-client:*\",\"repo:couchbase/couchbase-rs:*\",\"repo:couchbase/couchbase-php-client:*\",\"repo:couchbase/analytics-dotnet-client:*\"]}},\"Effect\":\"Allow\",\"Principal\":{\"Federated\":\"arn:aws:iam::958525475024:oidc-provider/token.actions.githubusercontent.com\"}},{\"Action\":\"sts:AssumeRoleWithWebIdentity\",\"Condition\":{\"StringEquals\":{\"token.actions.githubusercontent.com:actor\":\"programmatix\",\"token.actions.githubusercontent.com:aud\":\"sts.amazonaws.com\"},\"StringLike\":{\"token.actions.githubusercontent.com:sub\":\"repo:programmatix/couchbase-jvm-clients:*\"}},\"Effect\":\"Allow\",\"Principal\":{\"Federated\":\"arn:aws:iam::958525475024:oidc-provider/token.actions.githubusercontent.com\"}},{\"Action\":\"sts:AssumeRole\",\"Effect\":\"Allow\",\"Principal\":{\"AWS\":\"arn:aws:iam::958525475024:root\"}}],\"Version\":\"2012-10-17\"}",
            "create_date": "2026-06-11T10:07:28Z",
            "description": "Managed by Terraform in couchbaselabs/fit-cli (terraform/fit-cli-role.tf) - don't edit directly in the console, changes will be overwritten.",
            "force_detach_policies": false,
            "id": "fit-cli-role",
            "inline_policy": [
              {
                "name": "FitCliEc2PermissionsPolicy",
                "policy": "{\"Version\":\"2012-10-17\",\"Statement\":[{\"Action\":[\"ec2:DescribeInstances\",\"ec2:DescribeImages\",\"ec2:DescribeVpcs\",\"ec2:RunInstances\",\"ec2:CreateKeyPair\",\"ec2:DescribeKeyPairs\",\"ec2:CreateTags\",\"ec2:TerminateInstances\",\"ec2:DescribeSecurityGroups\",\"ec2:CreateSecurityGroup\",\"ec2:AuthorizeSecurityGroupIngress\",\"ec2:DeleteKeyPair\",\"ec2:DeleteSecurityGroup\",\"ec2:DescribeVpcEndpoints\",\"ec2:CreateVpcEndpoint\",\"ec2:ModifyVpcEndpoint\",\"ec2:DeleteVpcEndpoints\",\"route53:AssociateVPCWithHostedZone\",\"ssm:SendCommand\",\"ssm:GetCommandInvocation\",\"ssm:DescribeInstanceInformation\",\"ssm:StartSession\"],\"Effect\":\"Allow\",\"Resource\":\"*\",\"Sid\":\"FitCliEc2Permissions\"},{\"Action\":\"secretsmanager:GetSecretValue\",\"Effect\":\"Allow\",\"Resource\":\"arn:aws:secretsmanager:*:958525475024:secret:fit-cli/*\",\"Sid\":\"FitCliSecretsPermissions\"},{\"Action\":[\"s3:PutObject\",\"s3:GetObject\"],\"Effect\":\"Allow\",\"Resource\":\"arn:aws:s3:::fit-cli/*\",\"Sid\":\"FitCliS3Permissions\"},{\"Action\":\"iam:PassRole\",\"Effect\":\"Allow\",\"Resource\":\"arn:aws:iam::958525475024:role/fit-cli-ssm-instance-role\",\"Sid\":\"FitCliPassSsmInstanceRole\"},{\"Action\":[\"logs:CreateLogGroup\",\"logs:PutRetentionPolicy\",\"logs:FilterLogEvents\",\"logs:DeleteLogStream\"],\"Effect\":\"Allow\",\"Resource\":\"arn:aws:logs:*:958525475024:log-group:/fit-cli/ssm-command-output:*\",\"Sid\":\"FitCliSsmOutputLogGroup\"},{\"Action\":\"logs:DescribeLogGroups\",\"Effect\":\"Allow\",\"Resource\":\"*\",\"Sid\":\"FitCliDescribeLogGroups\"}]}"
              }
            ],
            "managed_policy_arns": [],
            "max_session_duration": 43200,
            "name": "fit-cli-role",
            "name_prefix": "",
            "path": "/",
            "permissions_boundary": "",
            "tags": {},
            "tags_all": {
              "Environment": "fit-cli"
            },
            "unique_id": "AROA56LESBDICA2GRZAE7"
          },
          "sensitive_attributes": [],
          "identity_schema_version": 0,
          "identity": {
            "account_id": "958525475024",
            "name": "fit-cli-role"
          },
          "private": "bnVsbA=="
        }
      ]
    },
    {
      "mode": "managed",
      "type": "aws_iam_role",
      "name": "fit_cli_ssm_instance_role",
      "provider": "provider[\"registry.terraform.io/hashicorp/aws\"]",
      "instances": [
        {
          "schema_version": 0,
          "attributes": {
            "arn": "arn:aws:iam::958525475024:role/fit-cli-ssm-instance-role",
            "assume_role_policy": "{\"Statement\":[{\"Action\":\"sts:AssumeRole\",\"Effect\":\"Allow\",\"Principal\":{\"Service\":\"ec2.amazonaws.com\"}}],\"Version\":\"2012-10-17\"}",
            "create_date": "2026-07-31T10:47:26Z",
            "description": "",
            "force_detach_policies": false,
            "id": "fit-cli-ssm-instance-role",
            "inline_policy": [
              {
                "name": "FitCliSsmCommandOutputPolicy",
                "policy": "{\"Version\":\"2012-10-17\",\"Statement\":[{\"Action\":[\"logs:CreateLogStream\",\"logs:PutLogEvents\",\"logs:DescribeLogStreams\"],\"Effect\":\"Allow\",\"Resource\":\"arn:aws:logs:*:958525475024:log-group:/fit-cli/ssm-command-output:*\",\"Sid\":\"FitCliSsmCommandOutputLogs\"}]}"
              }
            ],
            "managed_policy_arns": [
              "arn:aws:iam::aws:policy/AmazonSSMManagedInstanceCore"
            ],
            "max_session_duration": 3600,
            "name": "fit-cli-ssm-instance-role",
            "name_prefix": "",
            "path": "/",
            "permissions_boundary": "",
            "tags": {},
            "tags_all": {
              "Environment": "fit-cli"
            },
            "unique_id": "AROA56LESBDIDLO6JKZ6Y"
          },
          "sensitive_attributes": [],
          "identity_schema_version": 0,
          "identity": {
            "account_id": "958525475024",
            "name": "fit-cli-ssm-instance-role"
          },
          "private": "bnVsbA=="
        }
      ]
    },
    {
      "mode": "managed",
      "type": "aws_iam_role_policy",
      "name": "fit_cli_ec2_permissions",
      "provider": "provider[\"registry.terraform.io/hashicorp/aws\"]",
      "instances": [
        {
          "schema_version": 0,
          "attributes": {
            "id": "fit-cli-role:FitCliEc2PermissionsPolicy",
            "name": "FitCliEc2PermissionsPolicy",
            "name_prefix": "",
            "policy": "{\"Version\":\"2012-10-17\",\"Statement\":[{\"Action\":[\"ec2:DescribeInstances\",\"ec2:DescribeImages\",\"ec2:DescribeVpcs\",\"ec2:RunInstances\",\"ec2:CreateKeyPair\",\"ec2:DescribeKeyPairs\",\"ec2:CreateTags\",\"ec2:TerminateInstances\",\"ec2:DescribeSecurityGroups\",\"ec2:CreateSecurityGroup\",\"ec2:AuthorizeSecurityGroupIngress\",\"ec2:DeleteKeyPair\",\"ec2:DeleteSecurityGroup\",\"ec2:DescribeVpcEndpoints\",\"ec2:CreateVpcEndpoint\",\"ec2:ModifyVpcEndpoint\",\"ec2:DeleteVpcEndpoints\",\"route53:AssociateVPCWithHostedZone\",\"ssm:SendCommand\",\"ssm:GetCommandInvocation\",\"ssm:DescribeInstanceInformation\",\"ssm:StartSession\"],\"Effect\":\"Allow\",\"Resource\":\"*\",\"Sid\":\"FitCliEc2Permissions\"},{\"Action\":\"secretsmanager:GetSecretValue\",\"Effect\":\"Allow\",\"Resource\":\"arn:aws:secretsmanager:*:958525475024:secret:fit-cli/*\",\"Sid\":\"FitCliSecretsPermissions\"},{\"Action\":[\"s3:PutObject\",\"s3:GetObject\"],\"Effect\":\"Allow\",\"Resource\":\"arn:aws:s3:::fit-cli/*\",\"Sid\":\"FitCliS3Permissions\"},{\"Action\":\"iam:PassRole\",\"Effect\":\"Allow\",\"Resource\":\"arn:aws:iam::958525475024:role/fit-cli-ssm-instance-role\",\"Sid\":\"FitCliPassSsmInstanceRole\"},{\"Action\":[\"logs:CreateLogGroup\",\"logs:PutRetentionPolicy\",\"logs:FilterLogEvents\",\"logs:DeleteLogStream\"],\"Effect\":\"Allow\",\"Resource\":\"arn:aws:logs:*:958525475024:log-group:/fit-cli/ssm-command-output:*\",\"Sid\":\"FitCliSsmOutputLogGroup\"},{\"Action\":\"logs:DescribeLogGroups\",\"Effect\":\"Allow\",\"Resource\":\"*\",\"Sid\":\"FitCliDescribeLogGroups\"}]}",
            "role": "fit-cli-role"
          },
          "sensitive_attributes": [],
          "identity_schema_version": 0,
          "identity": {
            "account_id": "958525475024",
            "name": "FitCliEc2PermissionsPolicy",
            "role": "fit-cli-role"
          },
          "private": "bnVsbA==",
          "dependencies": [
            "aws_iam_role.fit_cli_role",
            "aws_iam_role.fit_cli_ssm_instance_role"
          ]
        }
      ]
    },
    {
      "mode": "managed",
      "type": "aws_iam_role_policy",
      "name": "fit_cli_ssm_instance_command_output",
      "provider": "provider[\"registry.terraform.io/hashicorp/aws\"]",
      "instances": [
        {
          "schema_version": 0,
          "attributes": {
            "id": "fit-cli-ssm-instance-role:FitCliSsmCommandOutputPolicy",
            "name": "FitCliSsmCommandOutputPolicy",
            "name_prefix": "",
            "policy": "{\"Version\":\"2012-10-17\",\"Statement\":[{\"Action\":[\"logs:CreateLogStream\",\"logs:PutLogEvents\",\"logs:DescribeLogStreams\"],\"Effect\":\"Allow\",\"Resource\":\"arn:aws:logs:*:958525475024:log-group:/fit-cli/ssm-command-output:*\",\"Sid\":\"FitCliSsmCommandOutputLogs\"}]}",
            "role": "fit-cli-ssm-instance-role"
          },
          "sensitive_attributes": [],
          "identity_schema_version": 0,
          "identity": {
            "account_id": "958525475024",
            "name": "FitCliSsmCommandOutputPolicy",
            "role": "fit-cli-ssm-instance-role"
          },
          "private": "bnVsbA==",
          "dependencies": [
            "aws_iam_role.fit_cli_ssm_instance_role"
          ]
        }
      ]
    },
    {
      "mode": "managed",
      "type": "aws_iam_role_policy_attachment",
      "name": "fit_cli_ssm_instance_core",
      "provider": "provider[\"registry.terraform.io/hashicorp/aws\"]",
      "instances": [
        {
          "schema_version": 0,
          "attributes": {
            "id": "fit-cli-ssm-instance-role/arn:aws:iam::aws:policy/AmazonSSMManagedInstanceCore",
            "policy_arn": "arn:aws:iam::aws:policy/AmazonSSMManagedInstanceCore",
            "role": "fit-cli-ssm-instance-role"
          },
          "sensitive_attributes": [],
          "identity_schema_version": 0,
          "identity": {
            "account_id": "958525475024",
            "policy_arn": "arn:aws:iam::aws:policy/AmazonSSMManagedInstanceCore",
            "role": "fit-cli-ssm-instance-role"
          },
          "private": "bnVsbA==",
          "dependencies": [
            "aws_iam_role.fit_cli_ssm_instance_role"
          ]
        }
      ]
    },
    {
      "mode": "managed",
      "type": "aws_internet_gateway",
      "name": "fit_cli",
      "provider": "provider[\"registry.terraform.io/hashicorp/aws\"]",
      "instances": [
        {
          "schema_version": 0,
          "attributes": {
            "arn": "arn:aws:ec2:us-west-2:958525475024:internet-gateway/igw-0f267312147b69648",
            "id": "igw-0f267312147b69648",
            "owner_id": "958525475024",
            "region": "us-west-2",
            "tags": {
              "Name": "fit-cli-igw"
            },
            "tags_all": {
              "Environment": "fit-cli",
              "Name": "fit-cli-igw"
            },
            "timeouts": null,
            "vpc_id": "vpc-01b5328d47e7b9419"
          },
          "sensitive_attributes": [],
          "identity_schema_version": 0,
          "identity": {
            "account_id": "958525475024",
            "id": "igw-0f267312147b69648",
            "region": "us-west-2"
          },
          "private": "eyJlMmJmYjczMC1lY2FhLTExZTYtOGY4OC0zNDM2M2JjN2M0YzAiOnsiY3JlYXRlIjoxMjAwMDAwMDAwMDAwLCJkZWxldGUiOjEyMDAwMDAwMDAwMDAsInVwZGF0ZSI6MTIwMDAwMDAwMDAwMH19",
          "dependencies": [
            "aws_vpc.fit_cli"
          ]
        }
      ]
    },
    {
      "mode": "managed",
      "type": "aws_route_table",
      "name": "fit_cli_public",
      "provider": "provider[\"registry.terraform.io/hashicorp/aws\"]",
      "instances": [
        {
          "schema_version": 0,
          "attributes": {
            "arn": "arn:aws:ec2:us-west-2:958525475024:route-table/rtb-0e353722675cd01e0",
            "id": "rtb-0e353722675cd01e0",
            "owner_id": "958525475024",
            "propagating_vgws": [],
            "region": "us-west-2",
            "route": [
              {
                "carrier_gateway_id": "",
                "cidr_block": "0.0.0.0/0",
                "core_network_arn": "",
                "destination_prefix_list_id": "",
                "egress_only_gateway_id": "",
                "gateway_id": "igw-0f267312147b69648",
                "ipv6_cidr_block": "",
                "local_gateway_id": "",
                "nat_gateway_id": "",
                "network_interface_id": "",
                "odb_network_arn": "",
                "transit_gateway_id": "",
                "vpc_endpoint_id": "",
                "vpc_peering_connection_id": ""
              }
            ],
            "tags": {
              "Name": "fit-cli-public-rt"
            },
            "tags_all": {
              "Environment": "fit-cli",
              "Name": "fit-cli-public-rt"
            },
            "timeouts": null,
            "vpc_id": "vpc-01b5328d47e7b9419"
          },
          "sensitive_attributes": [],
          "identity_schema_version": 0,
          "identity": {
            "account_id": "958525475024",
            "id": "rtb-0e353722675cd01e0",
            "region": "us-west-2"
          },
          "private": "eyJlMmJmYjczMC1lY2FhLTExZTYtOGY4OC0zNDM2M2JjN2M0YzAiOnsiY3JlYXRlIjozMDAwMDAwMDAwMDAsImRlbGV0ZSI6MzAwMDAwMDAwMDAwLCJ1cGRhdGUiOjEyMDAwMDAwMDAwMH19",
          "dependencies": [
            "aws_internet_gateway.fit_cli",
            "aws_vpc.fit_cli"
          ]
        }
      ]
    },
    {
      "mode": "managed",
      "type": "aws_route_table_association",
      "name": "fit_cli_public",
      "provider": "provider[\"registry.terraform.io/hashicorp/aws\"]",
      "instances": [
        {
          "schema_version": 0,
          "attributes": {
            "gateway_id": "",
            "id": "rtbassoc-01a175212fef84f2f",
            "region": "us-west-2",
            "route_table_id": "rtb-0e353722675cd01e0",
            "subnet_id": "subnet-0c9e623708a87ee88",
            "timeouts": null
          },
          "sensitive_attributes": [],
          "identity_schema_version": 0,
          "identity": {
            "account_id": "958525475024",
            "id": "rtbassoc-01a175212fef84f2f",
            "region": "us-west-2"
          },
          "private": "eyJlMmJmYjczMC1lY2FhLTExZTYtOGY4OC0zNDM2M2JjN2M0YzAiOnsiY3JlYXRlIjozMDAwMDAwMDAwMDAsImRlbGV0ZSI6MzAwMDAwMDAwMDAwLCJ1cGRhdGUiOjEyMDAwMDAwMDAwMH19",
          "dependencies": [
            "aws_internet_gateway.fit_cli",
            "aws_route_table.fit_cli_public",
            "aws_subnet.fit_cli_public",
            "aws_vpc.fit_cli"
          ]
        }
      ]
    },
    {
      "mode": "managed",
      "type": "aws_s3_bucket",
      "name": "fit_cli",
      "provider": "provider[\"registry.terraform.io/hashicorp/aws\"]",
      "instances": [
        {
          "schema_version": 0,
          "attributes": {
            "acceleration_status": "",
            "acl": null,
            "arn": "arn:aws:s3:::fit-cli",
            "bucket": "fit-cli",
            "bucket_domain_name": "fit-cli.s3.amazonaws.com",
            "bucket_namespace": "global",
            "bucket_prefix": "",
            "bucket_region": "us-west-2",
            "bucket_regional_domain_name": "fit-cli.s3.us-west-2.amazonaws.com",
            "cors_rule": [],
            "force_destroy": false,
            "grant": [
              {
                "id": "05287dcec2228a60735ec19abe31552e24a0f692b36ff9db20a069196deba27d",
                "permissions": [
                  "FULL_CONTROL"
                ],
                "type": "CanonicalUser",
                "uri": ""
              }
            ],
            "hosted_zone_id": "Z3BJ6K6RIION7M",
            "id": "fit-cli",
            "lifecycle_rule": [],
            "logging": [],
            "object_lock_configuration": [],
            "object_lock_enabled": false,
            "policy": "",
            "region": "us-west-2",
            "replication_configuration": [],
            "request_payer": "BucketOwner",
            "server_side_encryption_configuration": [
              {
                "rule": [
                  {
                    "apply_server_side_encryption_by_default": [
                      {
                        "kms_master_key_id": "",
                        "sse_algorithm": "AES256"
                      }
                    ],
                    "bucket_key_enabled": true
                  }
                ]
              }
            ],
            "tags": {},
            "tags_all": {
              "Environment": "fit-cli"
            },
            "timeouts": null,
            "versioning": [
              {
                "enabled": false,
                "mfa_delete": false
              }
            ],
            "website": [],
            "website_domain": null,
            "website_endpoint": null
          },
          "sensitive_attributes": [],
          "identity_schema_version": 0,
          "identity": {
            "account_id": "958525475024",
            "bucket": "fit-cli",
            "region": "us-west-2"
          },
          "private": "eyJlMmJmYjczMC1lY2FhLTExZTYtOGY4OC0zNDM2M2JjN2M0YzAiOnsiY3JlYXRlIjoxMjAwMDAwMDAwMDAwLCJkZWxldGUiOjM2MDAwMDAwMDAwMDAsInJlYWQiOjEyMDAwMDAwMDAwMDAsInVwZGF0ZSI6MTIwMDAwMDAwMDAwMH19"
        }
      ]
    },
    {
      "mode": "managed",
      "type": "aws_s3_bucket_lifecycle_configuration",
      "name": "fit_cli",
      "provider": "provider[\"registry.terraform.io/hashicorp/aws\"]",
      "instances": [
        {
          "schema_version": 1,
          "attributes": {
            "bucket": "fit-cli",
            "expected_bucket_owner": "",
            "id": "fit-cli",
            "region": "us-west-2",
            "rule": [
              {
                "abort_incomplete_multipart_upload": [],
                "expiration": [
                  {
                    "date": null,
                    "days": 180,
                    "expired_object_delete_marker": false
                  }
                ],
                "filter": [
                  {
                    "and": [],
                    "object_size_greater_than": null,
                    "object_size_less_than": null,
                    "prefix": "runs/",
                    "tag": []
                  }
                ],
                "id": "expire-run-artifacts",
                "noncurrent_version_expiration": [],
                "noncurrent_version_transition": [],
                "prefix": "",
                "status": "Enabled",
                "transition": []
              },
              {
                "abort_incomplete_multipart_upload": [],
                "expiration": [
                  {
                    "date": null,
                    "days": 1,
                    "expired_object_delete_marker": false
                  }
                ],
                "filter": [
                  {
                    "and": [],
                    "object_size_greater_than": null,
                    "object_size_less_than": null,
                    "prefix": "ssm-relay/",
                    "tag": []
                  }
                ],
                "id": "expire-ssm-relay",
                "noncurrent_version_expiration": [],
                "noncurrent_version_transition": [],
                "prefix": "",
                "status": "Enabled",
                "transition": []
              }
            ],
            "timeouts": null,
            "transition_default_minimum_object_size": "all_storage_classes_128K"
          },
          "sensitive_attributes": [],
          "identity_schema_version": 0,
          "identity": {
            "account_id": "958525475024",
            "bucket": "fit-cli",
            "region": "us-west-2"
          },
          "dependencies": [
            "aws_s3_bucket.fit_cli"
          ]
        }
      ]
    },
    {
      "mode": "managed",
      "type": "aws_security_group",
      "name": "fit_cli_vpc_endpoints",
      "provider": "provider[\"registry.terraform.io/hashicorp/aws\"]",
      "instances": [
        {
          "schema_version": 1,
          "attributes": {
            "arn": "arn:aws:ec2:us-west-2:958525475024:security-group/sg-015b8dc157b5fd66c",
            "description": "Allows instances in the fit-cli VPC to reach the SSM interface endpoints",
            "egress": [
              {
                "cidr_blocks": [
                  "0.0.0.0/0"
                ],
                "description": "",
                "from_port": 0,
                "ipv6_cidr_blocks": [],
                "prefix_list_ids": [],
                "protocol": "-1",
                "security_groups": [],
                "self": false,
                "to_port": 0
              }
            ],
            "id": "sg-015b8dc157b5fd66c",
            "ingress": [
              {
                "cidr_blocks": [
                  "10.50.0.0/16"
                ],
                "description": "HTTPS from the fit-cli VPC",
                "from_port": 443,
                "ipv6_cidr_blocks": [],
                "prefix_list_ids": [],
                "protocol": "tcp",
                "security_groups": [],
                "self": false,
                "to_port": 443
              }
            ],
            "name": "fit-cli-vpc-endpoints",
            "name_prefix": "",
            "owner_id": "958525475024",
            "region": "us-west-2",
            "revoke_rules_on_delete": false,
            "tags": {
              "Name": "fit-cli-vpc-endpoints"
            },
            "tags_all": {
              "Environment": "fit-cli",
              "Name": "fit-cli-vpc-endpoints"
            },
            "timeouts": null,
            "vpc_id": "vpc-01b5328d47e7b9419"
          },
          "sensitive_attributes": [],
          "identity_schema_version": 0,
          "identity": {
            "account_id": "958525475024",
            "id": "sg-015b8dc157b5fd66c",
            "region": "us-west-2"
          },
          "private": "eyJlMmJmYjczMC1lY2FhLTExZTYtOGY4OC0zNDM2M2JjN2M0YzAiOnsiY3JlYXRlIjo2MDAwMDAwMDAwMDAsImRlbGV0ZSI6OTAwMDAwMDAwMDAwfSwic2NoZW1hX3ZlcnNpb24iOiIxIn0=",
          "dependencies": [
            "aws_vpc.fit_cli"
          ]
        }
      ]
    },
    {
      "mode": "managed",
      "type": "aws_subnet",
      "name": "fit_cli_public",
      "provider": "provider[\"registry.terraform.io/hashicorp/aws\"]",
      "instances": [
        {
          "schema_version": 1,
          "attributes": {
            "arn": "arn:aws:ec2:us-west-2:958525475024:subnet/subnet-0c9e623708a87ee88",
            "assign_ipv6_address_on_creation": false,
            "availability_zone": "us-west-2b",
            "availability_zone_id": "usw2-az1",
            "cidr_block": "10.50.1.0/24",
            "customer_owned_ipv4_pool": "",
            "enable_dns64": false,
            "enable_lni_at_device_index": 0,
            "enable_resource_name_dns_a_record_on_launch": false,
            "enable_resource_name_dns_aaaa_record_on_launch": false,
            "id": "subnet-0c9e623708a87ee88",
            "ipv4_ipam_pool_id": null,
            "ipv4_netmask_length": null,
            "ipv6_cidr_block": "",
            "ipv6_cidr_block_association_id": "",
            "ipv6_ipam_pool_id": null,
            "ipv6_native": false,
            "ipv6_netmask_length": null,
            "map_customer_owned_ip_on_launch": false,
            "map_public_ip_on_launch": true,
            "outpost_arn": "",
            "owner_id": "958525475024",
            "private_dns_hostname_type_on_launch": "ip-name",
            "region": "us-west-2",
            "tags": {
              "Name": "fit-cli-public"
            },
            "tags_all": {
              "Environment": "fit-cli",
              "Name": "fit-cli-public"
            },
            "timeouts": null,
            "vpc_id": "vpc-01b5328d47e7b9419"
          },
          "sensitive_attributes": [],
          "identity_schema_version": 0,
          "identity": {
            "account_id": "958525475024",
            "id": "subnet-0c9e623708a87ee88",
            "region": "us-west-2"
          },
          "private": "eyJlMmJmYjczMC1lY2FhLTExZTYtOGY4OC0zNDM2M2JjN2M0YzAiOnsiY3JlYXRlIjo2MDAwMDAwMDAwMDAsImRlbGV0ZSI6MTIwMDAwMDAwMDAwMH0sInNjaGVtYV92ZXJzaW9uIjoiMSJ9",
          "dependencies": [
            "aws_vpc.fit_cli"
          ]
        }
      ]
    },
    {
      "mode": "managed",
      "type": "aws_vpc",
      "name": "fit_cli",
      "provider": "provider[\"registry.terraform.io/hashicorp/aws\"]",
      "instances": [
        {
          "schema_version": 1,
          "attributes": {
            "arn": "arn:aws:ec2:us-west-2:958525475024:vpc/vpc-01b5328d47e7b9419",
            "assign_generated_ipv6_cidr_block": false,
            "cidr_block": "10.50.0.0/16",
            "default_network_acl_id": "acl-0dea808784b7c6c9c",
            "default_route_table_id": "rtb-074362212adfb0cc8",
            "default_security_group_id": "sg-0d7f0565513f225f1",
            "dhcp_options_id": "dopt-81c573e4",
            "enable_dns_hostnames": true,
            "enable_dns_support": true,
            "enable_network_address_usage_metrics": false,
            "id": "vpc-01b5328d47e7b9419",
            "instance_tenancy": "default",
            "ipv4_ipam_pool_id": null,
            "ipv4_netmask_length": null,
            "ipv6_association_id": "",
            "ipv6_cidr_block": "",
            "ipv6_cidr_block_network_border_group": "",
            "ipv6_ipam_pool_id": "",
            "ipv6_netmask_length": 0,
            "main_route_table_id": "rtb-074362212adfb0cc8",
            "owner_id": "958525475024",
            "region": "us-west-2",
            "tags": {
              "Name": "fit-cli-vpc"
            },
            "tags_all": {
              "Environment": "fit-cli",
              "Name": "fit-cli-vpc"
            }
          },
          "sensitive_attributes": [],
          "identity_schema_version": 0,
          "identity": {
            "account_id": "958525475024",
            "id": "vpc-01b5328d47e7b9419",
            "region": "us-west-2"
          },
          "private": "eyJzY2hlbWFfdmVyc2lvbiI6IjEifQ=="
        }
      ]
    },
    {
      "mode": "managed",
      "type": "aws_vpc_endpoint",
      "name": "fit_cli_s3",
      "provider": "provider[\"registry.terraform.io/hashicorp/aws\"]",
      "instances": [
        {
          "schema_version": 0,
          "attributes": {
            "arn": "arn:aws:ec2:us-west-2:958525475024:vpc-endpoint/vpce-0b89a75d0f3fca2b6",
            "auto_accept": null,
            "cidr_blocks": [
              "3.5.76.0/22",
              "16.12.96.0/20",
              "16.12.112.0/21",
              "3.5.80.0/21",
              "16.15.32.0/20",
              "18.34.48.0/20",
              "18.34.244.0/22",
              "16.12.88.0/21",
              "52.92.128.0/17",
              "52.218.128.0/17"
            ],
            "dns_entry": [],
            "dns_options": [
              {
                "dns_record_ip_type": "service-defined",
                "private_dns_only_for_inbound_resolver_endpoint": false,
                "private_dns_preference": "",
                "private_dns_specified_domains": []
              }
            ],
            "id": "vpce-0b89a75d0f3fca2b6",
            "ip_address_type": "ipv4",
            "network_interface_ids": [],
            "owner_id": "958525475024",
            "policy": "{\"Statement\":[{\"Action\":\"*\",\"Effect\":\"Allow\",\"Principal\":\"*\",\"Resource\":\"*\"}],\"Version\":\"2008-10-17\"}",
            "prefix_list_id": "pl-68a54001",
            "private_dns_enabled": false,
            "region": "us-west-2",
            "requester_managed": false,
            "resource_configuration_arn": "",
            "route_table_ids": [
              "rtb-0e353722675cd01e0"
            ],
            "security_group_ids": [],
            "service_name": "com.amazonaws.us-west-2.s3",
            "service_network_arn": "",
            "service_region": "us-west-2",
            "state": "available",
            "subnet_configuration": [],
            "subnet_ids": [],
            "tags": {
              "Name": "fit-cli-s3"
            },
            "tags_all": {
              "Environment": "fit-cli",
              "Name": "fit-cli-s3"
            },
            "timeouts": null,
            "vpc_endpoint_type": "Gateway",
            "vpc_id": "vpc-01b5328d47e7b9419"
          },
          "sensitive_attributes": [],
          "identity_schema_version": 0,
          "identity": {
            "account_id": "958525475024",
            "id": "vpce-0b89a75d0f3fca2b6",
            "region": "us-west-2"
          },
          "private": "eyJlMmJmYjczMC1lY2FhLTExZTYtOGY4OC0zNDM2M2JjN2M0YzAiOnsiY3JlYXRlIjo2MDAwMDAwMDAwMDAsImRlbGV0ZSI6NjAwMDAwMDAwMDAwLCJ1cGRhdGUiOjYwMDAwMDAwMDAwMH19",
          "dependencies": [
            "aws_internet_gateway.fit_cli",
            "aws_route_table.fit_cli_public",
            "aws_vpc.fit_cli"
          ]
        }
      ]
    },
    {
      "mode": "managed",
      "type": "aws_vpc_endpoint",
      "name": "fit_cli_ssm",
      "provider": "provider[\"registry.terraform.io/hashicorp/aws\"]",
      "instances": [
        {
          "index_key": "ec2messages",
          "schema_version": 0,
          "attributes": {
            "arn": "arn:aws:ec2:us-west-2:958525475024:vpc-endpoint/vpce-0b03ab0da618786f9",
            "auto_accept": null,
            "cidr_blocks": [],
            "dns_entry": [
              {
                "dns_name": "vpce-0b03ab0da618786f9-m2u8px40.ec2messages.us-west-2.vpce.amazonaws.com",
                "hosted_zone_id": "Z1YSA3EXCYUU9Z"
              },
              {
                "dns_name": "vpce-0b03ab0da618786f9-m2u8px40-us-west-2b.ec2messages.us-west-2.vpce.amazonaws.com",
                "hosted_zone_id": "Z1YSA3EXCYUU9Z"
              },
              {
                "dns_name": "ec2messages.us-west-2.amazonaws.com",
                "hosted_zone_id": "Z04903197C5MUVEAKL28"
              }
            ],
            "dns_options": [
              {
                "dns_record_ip_type": "ipv4",
                "private_dns_only_for_inbound_resolver_endpoint": false,
                "private_dns_preference": "",
                "private_dns_specified_domains": []
              }
            ],
            "id": "vpce-0b03ab0da618786f9",
            "ip_address_type": "ipv4",
            "network_interface_ids": [
              "eni-089e3ba8db3707016"
            ],
            "owner_id": "958525475024",
            "policy": "{\"Statement\":[{\"Action\":\"*\",\"Effect\":\"Allow\",\"Principal\":\"*\",\"Resource\":\"*\"}]}",
            "prefix_list_id": null,
            "private_dns_enabled": true,
            "region": "us-west-2",
            "requester_managed": false,
            "resource_configuration_arn": "",
            "route_table_ids": [],
            "security_group_ids": [
              "sg-015b8dc157b5fd66c"
            ],
            "service_name": "com.amazonaws.us-west-2.ec2messages",
            "service_network_arn": "",
            "service_region": "us-west-2",
            "state": "available",
            "subnet_configuration": [
              {
                "ipv4": "10.50.1.138",
                "ipv6": "",
                "subnet_id": "subnet-0c9e623708a87ee88"
              }
            ],
            "subnet_ids": [
              "subnet-0c9e623708a87ee88"
            ],
            "tags": {
              "Name": "fit-cli-ec2messages"
            },
            "tags_all": {
              "Environment": "fit-cli",
              "Name": "fit-cli-ec2messages"
            },
            "timeouts": null,
            "vpc_endpoint_type": "Interface",
            "vpc_id": "vpc-01b5328d47e7b9419"
          },
          "sensitive_attributes": [],
          "identity_schema_version": 0,
          "identity": {
            "account_id": "958525475024",
            "id": "vpce-0b03ab0da618786f9",
            "region": "us-west-2"
          },
          "private": "eyJlMmJmYjczMC1lY2FhLTExZTYtOGY4OC0zNDM2M2JjN2M0YzAiOnsiY3JlYXRlIjo2MDAwMDAwMDAwMDAsImRlbGV0ZSI6NjAwMDAwMDAwMDAwLCJ1cGRhdGUiOjYwMDAwMDAwMDAwMH19",
          "dependencies": [
            "aws_security_group.fit_cli_vpc_endpoints",
            "aws_subnet.fit_cli_public",
            "aws_vpc.fit_cli"
          ]
        },
        {
          "index_key": "ssm",
          "schema_version": 0,
          "attributes": {
            "arn": "arn:aws:ec2:us-west-2:958525475024:vpc-endpoint/vpce-009aac4173aec1614",
            "auto_accept": null,
            "cidr_blocks": [],
            "dns_entry": [
              {
                "dns_name": "vpce-009aac4173aec1614-j983c2jk.ssm.us-west-2.vpce.amazonaws.com",
                "hosted_zone_id": "Z1YSA3EXCYUU9Z"
              },
              {
                "dns_name": "vpce-009aac4173aec1614-j983c2jk-us-west-2b.ssm.us-west-2.vpce.amazonaws.com",
                "hosted_zone_id": "Z1YSA3EXCYUU9Z"
              },
              {
                "dns_name": "ssm.us-west-2.amazonaws.com",
                "hosted_zone_id": "Z0959953DGKZ3AYCCWW0"
              },
              {
                "dns_name": "ssm.us-west-2.api.aws",
                "hosted_zone_id": "Z098048927I96QC9CT6WI"
              }
            ],
            "dns_options": [
              {
                "dns_record_ip_type": "ipv4",
                "private_dns_only_for_inbound_resolver_endpoint": false,
                "private_dns_preference": "",
                "private_dns_specified_domains": []
              }
            ],
            "id": "vpce-009aac4173aec1614",
            "ip_address_type": "ipv4",
            "network_interface_ids": [
              "eni-01639ee2c82c8618c"
            ],
            "owner_id": "958525475024",
            "policy": "{\"Statement\":[{\"Action\":\"*\",\"Effect\":\"Allow\",\"Principal\":\"*\",\"Resource\":\"*\"}]}",
            "prefix_list_id": null,
            "private_dns_enabled": true,
            "region": "us-west-2",
            "requester_managed": false,
            "resource_configuration_arn": "",
            "route_table_ids": [],
            "security_group_ids": [
              "sg-015b8dc157b5fd66c"
            ],
            "service_name": "com.amazonaws.us-west-2.ssm",
            "service_network_arn": "",
            "service_region": "us-west-2",
            "state": "available",
            "subnet_configuration": [
              {
                "ipv4": "10.50.1.165",
                "ipv6": "",
                "subnet_id": "subnet-0c9e623708a87ee88"
              }
            ],
            "subnet_ids": [
              "subnet-0c9e623708a87ee88"
            ],
            "tags": {
              "Name": "fit-cli-ssm"
            },
            "tags_all": {
              "Environment": "fit-cli",
              "Name": "fit-cli-ssm"
            },
            "timeouts": null,
            "vpc_endpoint_type": "Interface",
            "vpc_id": "vpc-01b5328d47e7b9419"
          },
          "sensitive_attributes": [],
          "identity_schema_version": 0,
          "identity": {
            "account_id": "958525475024",
            "id": "vpce-009aac4173aec1614",
            "region": "us-west-2"
          },
          "private": "eyJlMmJmYjczMC1lY2FhLTExZTYtOGY4OC0zNDM2M2JjN2M0YzAiOnsiY3JlYXRlIjo2MDAwMDAwMDAwMDAsImRlbGV0ZSI6NjAwMDAwMDAwMDAwLCJ1cGRhdGUiOjYwMDAwMDAwMDAwMH19",
          "dependencies": [
            "aws_security_group.fit_cli_vpc_endpoints",
            "aws_subnet.fit_cli_public",
            "aws_vpc.fit_cli"
          ]
        },
        {
          "index_key": "ssmmessages",
          "schema_version": 0,
          "attributes": {
            "arn": "arn:aws:ec2:us-west-2:958525475024:vpc-endpoint/vpce-0a4f9026724b3b7fc",
            "auto_accept": null,
            "cidr_blocks": [],
            "dns_entry": [
              {
                "dns_name": "vpce-0a4f9026724b3b7fc-7ton4xoo.ssmmessages.us-west-2.vpce.amazonaws.com",
                "hosted_zone_id": "Z1YSA3EXCYUU9Z"
              },
              {
                "dns_name": "vpce-0a4f9026724b3b7fc-7ton4xoo-us-west-2b.ssmmessages.us-west-2.vpce.amazonaws.com",
                "hosted_zone_id": "Z1YSA3EXCYUU9Z"
              },
              {
                "dns_name": "ssmmessages.us-west-2.amazonaws.com",
                "hosted_zone_id": "Z0966297LJGZ43IWLWKO"
              },
              {
                "dns_name": "ssmmessages.us-west-2.api.aws",
                "hosted_zone_id": "Z09595621E8T5ERK60UGO"
              }
            ],
            "dns_options": [
              {
                "dns_record_ip_type": "ipv4",
                "private_dns_only_for_inbound_resolver_endpoint": false,
                "private_dns_preference": "",
                "private_dns_specified_domains": []
              }
            ],
            "id": "vpce-0a4f9026724b3b7fc",
            "ip_address_type": "ipv4",
            "network_interface_ids": [
              "eni-022556baaf4b7aa53"
            ],
            "owner_id": "958525475024",
            "policy": "{\"Statement\":[{\"Action\":\"*\",\"Effect\":\"Allow\",\"Principal\":\"*\",\"Resource\":\"*\"}]}",
            "prefix_list_id": null,
            "private_dns_enabled": true,
            "region": "us-west-2",
            "requester_managed": false,
            "resource_configuration_arn": "",
            "route_table_ids": [],
            "security_group_ids": [
              "sg-015b8dc157b5fd66c"
            ],
            "service_name": "com.amazonaws.us-west-2.ssmmessages",
            "service_network_arn": "",
            "service_region": "us-west-2",
            "state": "available",
            "subnet_configuration": [
              {
                "ipv4": "10.50.1.231",
                "ipv6": "",
                "subnet_id": "subnet-0c9e623708a87ee88"
              }
            ],
            "subnet_ids": [
              "subnet-0c9e623708a87ee88"
            ],
            "tags": {
              "Name": "fit-cli-ssmmessages"
            },
            "tags_all": {
              "Environment": "fit-cli",
              "Name": "fit-cli-ssmmessages"
            },
            "timeouts": null,
            "vpc_endpoint_type": "Interface",
            "vpc_id": "vpc-01b5328d47e7b9419"
          },
          "sensitive_attributes": [],
          "identity_schema_version": 0,
          "identity": {
            "account_id": "958525475024",
            "id": "vpce-0a4f9026724b3b7fc",
            "region": "us-west-2"
          },
          "private": "eyJlMmJmYjczMC1lY2FhLTExZTYtOGY4OC0zNDM2M2JjN2M0YzAiOnsiY3JlYXRlIjo2MDAwMDAwMDAwMDAsImRlbGV0ZSI6NjAwMDAwMDAwMDAwLCJ1cGRhdGUiOjYwMDAwMDAwMDAwMH19",
          "dependencies": [
            "aws_security_group.fit_cli_vpc_endpoints",
            "aws_subnet.fit_cli_public",
            "aws_vpc.fit_cli"
          ]
        }
      ]
    }
  ],
  "check_results": null
}
